// !$*UTF8*$!
{
	archiveVersion = 1;
	classes = {
	};
	objectVersion = 46;
	objects = {

/* Begin PBXBuildFile section */
		8504A8761C1FB65000EB181A /* Info.plist in Resources */ = {isa = PBXBuildFile; fileRef = 8504A85C1C1FB65000EB181A /* Info.plist */; };
		8504A8771C1FB65000EB181A /* MASCompositeConstraint.m in Sources */ = {isa = PBXBuildFile; fileRef = 8504A85E1C1FB65000EB181A /* MASCompositeConstraint.m */; };
		8504A8781C1FB65000EB181A /* MASConstraint.m in Sources */ = {isa = PBXBuildFile; fileRef = 8504A8611C1FB65000EB181A /* MASConstraint.m */; };
		8504A8791C1FB65000EB181A /* MASConstraintMaker.m in Sources */ = {isa = PBXBuildFile; fileRef = 8504A8631C1FB65000EB181A /* MASConstraintMaker.m */; };
		8504A87A1C1FB65000EB181A /* MASLayoutConstraint.m in Sources */ = {isa = PBXBuildFile; fileRef = 8504A8651C1FB65000EB181A /* MASLayoutConstraint.m */; };
		8504A87B1C1FB65000EB181A /* MASViewAttribute.m in Sources */ = {isa = PBXBuildFile; fileRef = 8504A8691C1FB65000EB181A /* MASViewAttribute.m */; };
		8504A87C1C1FB65000EB181A /* MASViewConstraint.m in Sources */ = {isa = PBXBuildFile; fileRef = 8504A86B1C1FB65000EB181A /* MASViewConstraint.m */; };
		8504A87D1C1FB65000EB181A /* NSArray+MASAdditions.m in Sources */ = {isa = PBXBuildFile; fileRef = 8504A86D1C1FB65000EB181A /* NSArray+MASAdditions.m */; };
		8504A87E1C1FB65000EB181A /* NSLayoutConstraint+MASDebugAdditions.m in Sources */ = {isa = PBXBuildFile; fileRef = 8504A8701C1FB65000EB181A /* NSLayoutConstraint+MASDebugAdditions.m */; };
		8504A87F1C1FB65000EB181A /* View+MASAdditions.m in Sources */ = {isa = PBXBuildFile; fileRef = 8504A8721C1FB65000EB181A /* View+MASAdditions.m */; };
		8504A8801C1FB65000EB181A /* ViewController+MASAdditions.m in Sources */ = {isa = PBXBuildFile; fileRef = 8504A8751C1FB65000EB181A /* ViewController+MASAdditions.m */; };
		8504A8831C1FB9B400EB181A /* LLPathDetailViewController.m in Sources */ = {isa = PBXBuildFile; fileRef = 8504A8821C1FB9B400EB181A /* LLPathDetailViewController.m */; };
		851855881C17D86E00A92D2A /* PellTableViewSelect.m in Sources */ = {isa = PBXBuildFile; fileRef = 851855871C17D86E00A92D2A /* PellTableViewSelect.m */; };
		851855901C18159D00A92D2A /* LLPathDailyTableViewController.m in Sources */ = {isa = PBXBuildFile; fileRef = 8518558F1C18159D00A92D2A /* LLPathDailyTableViewController.m */; };
		852772A71C106476005105B4 /* main.m in Sources */ = {isa = PBXBuildFile; fileRef = 852772A61C106476005105B4 /* main.m */; };
		852772AA1C106476005105B4 /* AppDelegate.m in Sources */ = {isa = PBXBuildFile; fileRef = 852772A91C106476005105B4 /* AppDelegate.m */; };
		852772AD1C106476005105B4 /* ViewController.m in Sources */ = {isa = PBXBuildFile; fileRef = 852772AC1C106476005105B4 /* ViewController.m */; };
		852772B21C106476005105B4 /* Assets.xcassets in Resources */ = {isa = PBXBuildFile; fileRef = 852772B11C106476005105B4 /* Assets.xcassets */; };
		852772B51C106476005105B4 /* LaunchScreen.storyboard in Resources */ = {isa = PBXBuildFile; fileRef = 852772B31C106476005105B4 /* LaunchScreen.storyboard */; };
		852772E91C10660F005105B4 /* Main.storyboard in Resources */ = {isa = PBXBuildFile; fileRef = 852772E81C10660F005105B4 /* Main.storyboard */; };
		852772ED1C106725005105B4 /* WelcomeViewController.m in Sources */ = {isa = PBXBuildFile; fileRef = 852772EC1C106725005105B4 /* WelcomeViewController.m */; };
		852773181C106B7D005105B4 /* sceen.jpg in Resources */ = {isa = PBXBuildFile; fileRef = 8527730D1C106B7D005105B4 /* sceen.jpg */; };
		852C83B71C15A97D003715A4 /* LLPopTableViewController.m in Sources */ = {isa = PBXBuildFile; fileRef = 852C83B61C15A97D003715A4 /* LLPopTableViewController.m */; };
		852C83BA1C15B767003715A4 /* LLCityDescTableViewController.m in Sources */ = {isa = PBXBuildFile; fileRef = 852C83B91C15B766003715A4 /* LLCityDescTableViewController.m */; };
		852E0FC01C2963D20044B6DE /* act_bt_long.png in Resources */ = {isa = PBXBuildFile; fileRef = 852E0FBF1C2963D20044B6DE /* act_bt_long.png */; };
		852E0FD01C2968C90044B6DE /* bg5.jpg in Resources */ = {isa = PBXBuildFile; fileRef = 852E0FCB1C2968C90044B6DE /* bg5.jpg */; };
		852E0FD11C2968C90044B6DE /* bg4.jpg in Resources */ = {isa = PBXBuildFile; fileRef = 852E0FCC1C2968C90044B6DE /* bg4.jpg */; };
		852E0FD21C2968C90044B6DE /* bg3.jpg in Resources */ = {isa = PBXBuildFile; fileRef = 852E0FCD1C2968C90044B6DE /* bg3.jpg */; };
		852E0FD31C2968C90044B6DE /* bg2.jpg in Resources */ = {isa = PBXBuildFile; fileRef = 852E0FCE1C2968C90044B6DE /* bg2.jpg */; };
		852E0FD41C2968C90044B6DE /* bg1.jpg in Resources */ = {isa = PBXBuildFile; fileRef = 852E0FCF1C2968C90044B6DE /* bg1.jpg */; };
		852E0FDA1C296B230044B6DE /* NJKWebViewProgress.m in Sources */ = {isa = PBXBuildFile; fileRef = 852E0FD71C296B230044B6DE /* NJKWebViewProgress.m */; };
		852E0FDB1C296B230044B6DE /* NJKWebViewProgressView.m in Sources */ = {isa = PBXBuildFile; fileRef = 852E0FD91C296B230044B6DE /* NJKWebViewProgressView.m */; };
		852E4A111C24312C00A3BF7A /* LLCityDescCell.m in Sources */ = {isa = PBXBuildFile; fileRef = 852E4A0F1C24312C00A3BF7A /* LLCityDescCell.m */; };
		852E64C41C201B1300F5FCF1 /* LLPathDailyTableViewCell.m in Sources */ = {isa = PBXBuildFile; fileRef = 852E64C21C201B1300F5FCF1 /* LLPathDailyTableViewCell.m */; };
		852E64C51C201B1300F5FCF1 /* LLPathDailyTableViewCell.xib in Resources */ = {isa = PBXBuildFile; fileRef = 852E64C31C201B1300F5FCF1 /* LLPathDailyTableViewCell.xib */; };
		8536578E1C11AB7900CE06A0 /* AFHTTPRequestOperation.m in Sources */ = {isa = PBXBuildFile; fileRef = 853657691C11AB7900CE06A0 /* AFHTTPRequestOperation.m */; };
		8536578F1C11AB7900CE06A0 /* AFHTTPRequestOperationManager.m in Sources */ = {isa = PBXBuildFile; fileRef = 8536576B1C11AB7900CE06A0 /* AFHTTPRequestOperationManager.m */; };
		853657901C11AB7900CE06A0 /* AFHTTPSessionManager.m in Sources */ = {isa = PBXBuildFile; fileRef = 8536576D1C11AB7900CE06A0 /* AFHTTPSessionManager.m */; };
		853657911C11AB7900CE06A0 /* AFNetworkReachabilityManager.m in Sources */ = {isa = PBXBuildFile; fileRef = 853657701C11AB7900CE06A0 /* AFNetworkReachabilityManager.m */; };
		853657921C11AB7900CE06A0 /* AFSecurityPolicy.m in Sources */ = {isa = PBXBuildFile; fileRef = 853657721C11AB7900CE06A0 /* AFSecurityPolicy.m */; };
		853657931C11AB7900CE06A0 /* AFURLConnectionOperation.m in Sources */ = {isa = PBXBuildFile; fileRef = 853657741C11AB7900CE06A0 /* AFURLConnectionOperation.m */; };
		853657941C11AB7900CE06A0 /* AFURLRequestSerialization.m in Sources */ = {isa = PBXBuildFile; fileRef = 853657761C11AB7900CE06A0 /* AFURLRequestSerialization.m */; };
		853657951C11AB7900CE06A0 /* AFURLResponseSerialization.m in Sources */ = {isa = PBXBuildFile; fileRef = 853657781C11AB7900CE06A0 /* AFURLResponseSerialization.m */; };
		853657961C11AB7900CE06A0 /* AFURLSessionManager.m in Sources */ = {isa = PBXBuildFile; fileRef = 8536577A1C11AB7900CE06A0 /* AFURLSessionManager.m */; };
		853657971C11AB7900CE06A0 /* AFNetworkActivityIndicatorManager.m in Sources */ = {isa = PBXBuildFile; fileRef = 8536577D1C11AB7900CE06A0 /* AFNetworkActivityIndicatorManager.m */; };
		853657981C11AB7900CE06A0 /* UIActivityIndicatorView+AFNetworking.m in Sources */ = {isa = PBXBuildFile; fileRef = 8536577F1C11AB7900CE06A0 /* UIActivityIndicatorView+AFNetworking.m */; };
		853657991C11AB7900CE06A0 /* UIAlertView+AFNetworking.m in Sources */ = {isa = PBXBuildFile; fileRef = 853657811C11AB7900CE06A0 /* UIAlertView+AFNetworking.m */; };
		8536579A1C11AB7900CE06A0 /* UIButton+AFNetworking.m in Sources */ = {isa = PBXBuildFile; fileRef = 853657831C11AB7900CE06A0 /* UIButton+AFNetworking.m */; };
		8536579B1C11AB7900CE06A0 /* UIImageView+AFNetworking.m in Sources */ = {isa = PBXBuildFile; fileRef = 853657861C11AB7900CE06A0 /* UIImageView+AFNetworking.m */; };
		8536579C1C11AB7900CE06A0 /* UIProgressView+AFNetworking.m in Sources */ = {isa = PBXBuildFile; fileRef = 853657891C11AB7900CE06A0 /* UIProgressView+AFNetworking.m */; };
		8536579D1C11AB7900CE06A0 /* UIRefreshControl+AFNetworking.m in Sources */ = {isa = PBXBuildFile; fileRef = 8536578B1C11AB7900CE06A0 /* UIRefreshControl+AFNetworking.m */; };
		8536579E1C11AB7900CE06A0 /* UIWebView+AFNetworking.m in Sources */ = {isa = PBXBuildFile; fileRef = 8536578D1C11AB7900CE06A0 /* UIWebView+AFNetworking.m */; };
		853657A01C11BC9500CE06A0 /* Foundation+Log.m in Sources */ = {isa = PBXBuildFile; fileRef = 8536579F1C11BC9500CE06A0 /* Foundation+Log.m */; };
		8554D6BF1C13DFB40075B810 /* cityGroups.plist in Resources */ = {isa = PBXBuildFile; fileRef = 8554D6BE1C13DFB40075B810 /* cityGroups.plist */; };
		8554D6CF1C13E6F90075B810 /* LLCityItinerariesModel.m in Sources */ = {isa = PBXBuildFile; fileRef = 8554D6CE1C13E6F90075B810 /* LLCityItinerariesModel.m */; };
		8554D6D21C13E7160075B810 /* LLCityDescModel.m in Sources */ = {isa = PBXBuildFile; fileRef = 8554D6D11C13E7160075B810 /* LLCityDescModel.m */; };
		8554D6D51C13E7600075B810 /* LLCityItinerariesDetailModel.m in Sources */ = {isa = PBXBuildFile; fileRef = 8554D6D41C13E7600075B810 /* LLCityItinerariesDetailModel.m */; };
		8554D6D81C13E7D90075B810 /* LLCityItinerDetailPathModel.m in Sources */ = {isa = PBXBuildFile; fileRef = 8554D6D71C13E7D90075B810 /* LLCityItinerDetailPathModel.m */; };
		8554D6DB1C13E7F40075B810 /* LLCityModel.m in Sources */ = {isa = PBXBuildFile; fileRef = 8554D6DA1C13E7F40075B810 /* LLCityModel.m */; };
		8554D6DD1C13EBD30075B810 /* cities.plist in Resources */ = {isa = PBXBuildFile; fileRef = 8554D6DC1C13EBD30075B810 /* cities.plist */; };
		8554D6E01C13EC5E0075B810 /* LLCityItinerDetailPathDescModel.m in Sources */ = {isa = PBXBuildFile; fileRef = 8554D6DF1C13EC5E0075B810 /* LLCityItinerDetailPathDescModel.m */; };
		8554D6E31C13F3E20075B810 /* LLMetaDataTool.m in Sources */ = {isa = PBXBuildFile; fileRef = 8554D6E21C13F3E20075B810 /* LLMetaDataTool.m */; };
		8554D6E61C13FF7D0075B810 /* LLNetConnTool.m in Sources */ = {isa = PBXBuildFile; fileRef = 8554D6E51C13FF7D0075B810 /* LLNetConnTool.m */; };
		8554D7001C14192D0075B810 /* MJDictionaryCache.m in Sources */ = {isa = PBXBuildFile; fileRef = 8554D6EA1C14192D0075B810 /* MJDictionaryCache.m */; };
		8554D7011C14192D0075B810 /* MJExtensionConst.m in Sources */ = {isa = PBXBuildFile; fileRef = 8554D6ED1C14192D0075B810 /* MJExtensionConst.m */; };
		8554D7021C14192D0075B810 /* MJFoundation.m in Sources */ = {isa = PBXBuildFile; fileRef = 8554D6EF1C14192D0075B810 /* MJFoundation.m */; };
		8554D7031C14192D0075B810 /* MJProperty.m in Sources */ = {isa = PBXBuildFile; fileRef = 8554D6F11C14192D0075B810 /* MJProperty.m */; };
		8554D7041C14192D0075B810 /* MJPropertyKey.m in Sources */ = {isa = PBXBuildFile; fileRef = 8554D6F31C14192D0075B810 /* MJPropertyKey.m */; };
		8554D7051C14192D0075B810 /* MJPropertyType.m in Sources */ = {isa = PBXBuildFile; fileRef = 8554D6F51C14192D0075B810 /* MJPropertyType.m */; };
		8554D7061C14192D0075B810 /* NSObject+MJClass.m in Sources */ = {isa = PBXBuildFile; fileRef = 8554D6F71C14192D0075B810 /* NSObject+MJClass.m */; };
		8554D7071C14192D0075B810 /* NSObject+MJCoding.m in Sources */ = {isa = PBXBuildFile; fileRef = 8554D6F91C14192D0075B810 /* NSObject+MJCoding.m */; };
		8554D7081C14192D0075B810 /* NSObject+MJKeyValue.m in Sources */ = {isa = PBXBuildFile; fileRef = 8554D6FB1C14192D0075B810 /* NSObject+MJKeyValue.m */; };
		8554D7091C14192D0075B810 /* NSObject+MJProperty.m in Sources */ = {isa = PBXBuildFile; fileRef = 8554D6FD1C14192D0075B810 /* NSObject+MJProperty.m */; };
		8554D70A1C14192D0075B810 /* NSString+MJExtension.m in Sources */ = {isa = PBXBuildFile; fileRef = 8554D6FF1C14192D0075B810 /* NSString+MJExtension.m */; };
		85DC8D8B1C22A97300459BE7 /* LICENSE in Resources */ = {isa = PBXBuildFile; fileRef = 85DC8D871C22A97300459BE7 /* LICENSE */; };
		85DC8D8C1C22A97300459BE7 /* MBProgressHUD.m in Sources */ = {isa = PBXBuildFile; fileRef = 85DC8D891C22A97300459BE7 /* MBProgressHUD.m */; };
		85DC8D8D1C22A97300459BE7 /* README.mdown in Sources */ = {isa = PBXBuildFile; fileRef = 85DC8D8A1C22A97300459BE7 /* README.mdown */; };
		85DC8D901C22B23700459BE7 /* AppDelegate+Category.m in Sources */ = {isa = PBXBuildFile; fileRef = 85DC8D8F1C22B23700459BE7 /* AppDelegate+Category.m */; };
		85E090FC1C158D6E007D8310 /* LLCitiesSingle.m in Sources */ = {isa = PBXBuildFile; fileRef = 85E090FB1C158D6E007D8310 /* LLCitiesSingle.m */; };
/* End PBXBuildFile section */

/* Begin PBXFileReference section */
		8504A85C1C1FB65000EB181A /* Info.plist */ = {isa = PBXFileReference; fileEncoding = 4; lastKnownFileType = text.plist.xml; path = Info.plist; sourceTree = "<group>"; };
		8504A85D1C1FB65000EB181A /* MASCompositeConstraint.h */ = {isa = PBXFileReference; fileEncoding = 4; lastKnownFileType = sourcecode.c.h; path = MASCompositeConstraint.h; sourceTree = "<group>"; };
		8504A85E1C1FB65000EB181A /* MASCompositeConstraint.m */ = {isa = PBXFileReference; fileEncoding = 4; lastKnownFileType = sourcecode.c.objc; path = MASCompositeConstraint.m; sourceTree = "<group>"; };
		8504A85F1C1FB65000EB181A /* MASConstraint+Private.h */ = {isa = PBXFileReference; fileEncoding = 4; lastKnownFileType = sourcecode.c.h; path = "MASConstraint+Private.h"; sourceTree = "<group>"; };
		8504A8601C1FB65000EB181A /* MASConstraint.h */ = {isa = PBXFileReference; fileEncoding = 4; lastKnownFileType = sourcecode.c.h; path = MASConstraint.h; sourceTree = "<group>"; };
		8504A8611C1FB65000EB181A /* MASConstraint.m */ = {isa = PBXFileReference; fileEncoding = 4; lastKnownFileType = sourcecode.c.objc; path = MASConstraint.m; sourceTree = "<group>"; };
		8504A8621C1FB65000EB181A /* MASConstraintMaker.h */ = {isa = PBXFileReference; fileEncoding = 4; lastKnownFileType = sourcecode.c.h; path = MASConstraintMaker.h; sourceTree = "<group>"; };
		8504A8631C1FB65000EB181A /* MASConstraintMaker.m */ = {isa = PBXFileReference; fileEncoding = 4; lastKnownFileType = sourcecode.c.objc; path = MASConstraintMaker.m; sourceTree = "<group>"; };
		8504A8641C1FB65000EB181A /* MASLayoutConstraint.h */ = {isa = PBXFileReference; fileEncoding = 4; lastKnownFileType = sourcecode.c.h; path = MASLayoutConstraint.h; sourceTree = "<group>"; };
		8504A8651C1FB65000EB181A /* MASLayoutConstraint.m */ = {isa = PBXFileReference; fileEncoding = 4; lastKnownFileType = sourcecode.c.objc; path = MASLayoutConstraint.m; sourceTree = "<group>"; };
		8504A8661C1FB65000EB181A /* Masonry.h */ = {isa = PBXFileReference; fileEncoding = 4; lastKnownFileType = sourcecode.c.h; path = Masonry.h; sourceTree = "<group>"; };
		8504A8671C1FB65000EB181A /* MASUtilities.h */ = {isa = PBXFileReference; fileEncoding = 4; lastKnownFileType = sourcecode.c.h; path = MASUtilities.h; sourceTree = "<group>"; };
		8504A8681C1FB65000EB181A /* MASViewAttribute.h */ = {isa = PBXFileReference; fileEncoding = 4; lastKnownFileType = sourcecode.c.h; path = MASViewAttribute.h; sourceTree = "<group>"; };
		8504A8691C1FB65000EB181A /* MASViewAttribute.m */ = {isa = PBXFileReference; fileEncoding = 4; lastKnownFileType = sourcecode.c.objc; path = MASViewAttribute.m; sourceTree = "<group>"; };
		8504A86A1C1FB65000EB181A /* MASViewConstraint.h */ = {isa = PBXFileReference; fileEncoding = 4; lastKnownFileType = sourcecode.c.h; path = MASViewConstraint.h; sourceTree = "<group>"; };
		8504A86B1C1FB65000EB181A /* MASViewConstraint.m */ = {isa = PBXFileReference; fileEncoding = 4; lastKnownFileType = sourcecode.c.objc; path = MASViewConstraint.m; sourceTree = "<group>"; };
		8504A86C1C1FB65000EB181A /* NSArray+MASAdditions.h */ = {isa = PBXFileReference; fileEncoding = 4; lastKnownFileType = sourcecode.c.h; path = "NSArray+MASAdditions.h"; sourceTree = "<group>"; };
		8504A86D1C1FB65000EB181A /* NSArray+MASAdditions.m */ = {isa = PBXFileReference; fileEncoding = 4; lastKnownFileType = sourcecode.c.objc; path = "NSArray+MASAdditions.m"; sourceTree = "<group>"; };
		8504A86E1C1FB65000EB181A /* NSArray+MASShorthandAdditions.h */ = {isa = PBXFileReference; fileEncoding = 4; lastKnownFileType = sourcecode.c.h; path = "NSArray+MASShorthandAdditions.h"; sourceTree = "<group>"; };
		8504A86F1C1FB65000EB181A /* NSLayoutConstraint+MASDebugAdditions.h */ = {isa = PBXFileReference; fileEncoding = 4; lastKnownFileType = sourcecode.c.h; path = "NSLayoutConstraint+MASDebugAdditions.h"; sourceTree = "<group>"; };
		8504A8701C1FB65000EB181A /* NSLayoutConstraint+MASDebugAdditions.m */ = {isa = PBXFileReference; fileEncoding = 4; lastKnownFileType = sourcecode.c.objc; path = "NSLayoutConstraint+MASDebugAdditions.m"; sourceTree = "<group>"; };
		8504A8711C1FB65000EB181A /* View+MASAdditions.h */ = {isa = PBXFileReference; fileEncoding = 4; lastKnownFileType = sourcecode.c.h; path = "View+MASAdditions.h"; sourceTree = "<group>"; };
		8504A8721C1FB65000EB181A /* View+MASAdditions.m */ = {isa = PBXFileReference; fileEncoding = 4; lastKnownFileType = sourcecode.c.objc; path = "View+MASAdditions.m"; sourceTree = "<group>"; };
		8504A8731C1FB65000EB181A /* View+MASShorthandAdditions.h */ = {isa = PBXFileReference; fileEncoding = 4; lastKnownFileType = sourcecode.c.h; path = "View+MASShorthandAdditions.h"; sourceTree = "<group>"; };
		8504A8741C1FB65000EB181A /* ViewController+MASAdditions.h */ = {isa = PBXFileReference; fileEncoding = 4; lastKnownFileType = sourcecode.c.h; path = "ViewController+MASAdditions.h"; sourceTree = "<group>"; };
		8504A8751C1FB65000EB181A /* ViewController+MASAdditions.m */ = {isa = PBXFileReference; fileEncoding = 4; lastKnownFileType = sourcecode.c.objc; path = "ViewController+MASAdditions.m"; sourceTree = "<group>"; };
		8504A8811C1FB9B400EB181A /* LLPathDetailViewController.h */ = {isa = PBXFileReference; fileEncoding = 4; lastKnownFileType = sourcecode.c.h; path = LLPathDetailViewController.h; sourceTree = "<group>"; };
		8504A8821C1FB9B400EB181A /* LLPathDetailViewController.m */ = {isa = PBXFileReference; fileEncoding = 4; lastKnownFileType = sourcecode.c.objc; path = LLPathDetailViewController.m; sourceTree = "<group>"; };
		851855861C17D86E00A92D2A /* PellTableViewSelect.h */ = {isa = PBXFileReference; fileEncoding = 4; lastKnownFileType = sourcecode.c.h; name = PellTableViewSelect.h; path = ../../Lib/lib1/PellTableViewSelect.h; sourceTree = "<group>"; };
		851855871C17D86E00A92D2A /* PellTableViewSelect.m */ = {isa = PBXFileReference; fileEncoding = 4; lastKnownFileType = sourcecode.c.objc; name = PellTableViewSelect.m; path = ../../Lib/lib1/PellTableViewSelect.m; sourceTree = "<group>"; };
		8518558E1C18159D00A92D2A /* LLPathDailyTableViewController.h */ = {isa = PBXFileReference; fileEncoding = 4; lastKnownFileType = sourcecode.c.h; path = LLPathDailyTableViewController.h; sourceTree = "<group>"; };
		8518558F1C18159D00A92D2A /* LLPathDailyTableViewController.m */ = {isa = PBXFileReference; fileEncoding = 4; lastKnownFileType = sourcecode.c.objc; path = LLPathDailyTableViewController.m; sourceTree = "<group>"; };
		852772A21C106476005105B4 /* 酷游.app */ = {isa = PBXFileReference; explicitFileType = wrapper.application; includeInIndex = 0; path = "酷游.app"; sourceTree = BUILT_PRODUCTS_DIR; };
		852772A61C106476005105B4 /* main.m */ = {isa = PBXFileReference; lastKnownFileType = sourcecode.c.objc; path = main.m; sourceTree = "<group>"; };
		852772A81C106476005105B4 /* AppDelegate.h */ = {isa = PBXFileReference; lastKnownFileType = sourcecode.c.h; path = AppDelegate.h; sourceTree = "<group>"; };
		852772A91C106476005105B4 /* AppDelegate.m */ = {isa = PBXFileReference; lastKnownFileType = sourcecode.c.objc; path = AppDelegate.m; sourceTree = "<group>"; };
		852772AB1C106476005105B4 /* ViewController.h */ = {isa = PBXFileReference; lastKnownFileType = sourcecode.c.h; path = ViewController.h; sourceTree = "<group>"; };
		852772AC1C106476005105B4 /* ViewController.m */ = {isa = PBXFileReference; lastKnownFileType = sourcecode.c.objc; path = ViewController.m; sourceTree = "<group>"; };
		852772B11C106476005105B4 /* Assets.xcassets */ = {isa = PBXFileReference; lastKnownFileType = folder.assetcatalog; path = Assets.xcassets; sourceTree = "<group>"; };
		852772B41C106476005105B4 /* Base */ = {isa = PBXFileReference; lastKnownFileType = file.storyboard; name = Base; path = Base.lproj/LaunchScreen.storyboard; sourceTree = "<group>"; };
		852772B61C106476005105B4 /* Info.plist */ = {isa = PBXFileReference; lastKnownFileType = text.plist.xml; path = Info.plist; sourceTree = "<group>"; };
		852772E81C10660F005105B4 /* Main.storyboard */ = {isa = PBXFileReference; fileEncoding = 4; lastKnownFileType = file.storyboard; path = Main.storyboard; sourceTree = "<group>"; };
		852772EB1C106725005105B4 /* WelcomeViewController.h */ = {isa = PBXFileReference; fileEncoding = 4; lastKnownFileType = sourcecode.c.h; path = WelcomeViewController.h; sourceTree = "<group>"; };
		852772EC1C106725005105B4 /* WelcomeViewController.m */ = {isa = PBXFileReference; fileEncoding = 4; lastKnownFileType = sourcecode.c.objc; path = WelcomeViewController.m; sourceTree = "<group>"; };
		8527730D1C106B7D005105B4 /* sceen.jpg */ = {isa = PBXFileReference; lastKnownFileType = image.jpeg; path = sceen.jpg; sourceTree = "<group>"; };
		852C83B51C15A97D003715A4 /* LLPopTableViewController.h */ = {isa = PBXFileReference; fileEncoding = 4; lastKnownFileType = sourcecode.c.h; path = LLPopTableViewController.h; sourceTree = "<group>"; };
		852C83B61C15A97D003715A4 /* LLPopTableViewController.m */ = {isa = PBXFileReference; fileEncoding = 4; lastKnownFileType = sourcecode.c.objc; path = LLPopTableViewController.m; sourceTree = "<group>"; };
		852C83B81C15B766003715A4 /* LLCityDescTableViewController.h */ = {isa = PBXFileReference; fileEncoding = 4; lastKnownFileType = sourcecode.c.h; path = LLCityDescTableViewController.h; sourceTree = "<group>"; };
		852C83B91C15B766003715A4 /* LLCityDescTableViewController.m */ = {isa = PBXFileReference; fileEncoding = 4; lastKnownFileType = sourcecode.c.objc; path = LLCityDescTableViewController.m; sourceTree = "<group>"; };
		852E0FBF1C2963D20044B6DE /* act_bt_long.png */ = {isa = PBXFileReference; lastKnownFileType = image.png; path = act_bt_long.png; sourceTree = "<group>"; };
		852E0FCB1C2968C90044B6DE /* bg5.jpg */ = {isa = PBXFileReference; lastKnownFileType = image.jpeg; path = bg5.jpg; sourceTree = "<group>"; };
		852E0FCC1C2968C90044B6DE /* bg4.jpg */ = {isa = PBXFileReference; lastKnownFileType = image.jpeg; path = bg4.jpg; sourceTree = "<group>"; };
		852E0FCD1C2968C90044B6DE /* bg3.jpg */ = {isa = PBXFileReference; lastKnownFileType = image.jpeg; path = bg3.jpg; sourceTree = "<group>"; };
		852E0FCE1C2968C90044B6DE /* bg2.jpg */ = {isa = PBXFileReference; lastKnownFileType = image.jpeg; path = bg2.jpg; sourceTree = "<group>"; };
		852E0FCF1C2968C90044B6DE /* bg1.jpg */ = {isa = PBXFileReference; lastKnownFileType = image.jpeg; path = bg1.jpg; sourceTree = "<group>"; };
		852E0FD61C296B230044B6DE /* NJKWebViewProgress.h */ = {isa = PBXFileReference; fileEncoding = 4; lastKnownFileType = sourcecode.c.h; path = NJKWebViewProgress.h; sourceTree = "<group>"; };
		852E0FD71C296B230044B6DE /* NJKWebViewProgress.m */ = {isa = PBXFileReference; fileEncoding = 4; lastKnownFileType = sourcecode.c.objc; path = NJKWebViewProgress.m; sourceTree = "<group>"; };
		852E0FD81C296B230044B6DE /* NJKWebViewProgressView.h */ = {isa = PBXFileReference; fileEncoding = 4; lastKnownFileType = sourcecode.c.h; path = NJKWebViewProgressView.h; sourceTree = "<group>"; };
		852E0FD91C296B230044B6DE /* NJKWebViewProgressView.m */ = {isa = PBXFileReference; fileEncoding = 4; lastKnownFileType = sourcecode.c.objc; path = NJKWebViewProgressView.m; sourceTree = "<group>"; };
		852E4A0E1C24312C00A3BF7A /* LLCityDescCell.h */ = {isa = PBXFileReference; fileEncoding = 4; lastKnownFileType = sourcecode.c.h; path = LLCityDescCell.h; sourceTree = "<group>"; };
		852E4A0F1C24312C00A3BF7A /* LLCityDescCell.m */ = {isa = PBXFileReference; fileEncoding = 4; lastKnownFileType = sourcecode.c.objc; path = LLCityDescCell.m; sourceTree = "<group>"; };
		852E64C11C201B1300F5FCF1 /* LLPathDailyTableViewCell.h */ = {isa = PBXFileReference; fileEncoding = 4; lastKnownFileType = sourcecode.c.h; path = LLPathDailyTableViewCell.h; sourceTree = "<group>"; };
		852E64C21C201B1300F5FCF1 /* LLPathDailyTableViewCell.m */ = {isa = PBXFileReference; fileEncoding = 4; lastKnownFileType = sourcecode.c.objc; path = LLPathDailyTableViewCell.m; sourceTree = "<group>"; };
		852E64C31C201B1300F5FCF1 /* LLPathDailyTableViewCell.xib */ = {isa = PBXFileReference; fileEncoding = 4; lastKnownFileType = file.xib; path = LLPathDailyTableViewCell.xib; sourceTree = "<group>"; };
		853657681C11AB7900CE06A0 /* AFHTTPRequestOperation.h */ = {isa = PBXFileReference; fileEncoding = 4; lastKnownFileType = sourcecode.c.h; path = AFHTTPRequestOperation.h; sourceTree = "<group>"; };
		853657691C11AB7900CE06A0 /* AFHTTPRequestOperation.m */ = {isa = PBXFileReference; fileEncoding = 4; lastKnownFileType = sourcecode.c.objc; path = AFHTTPRequestOperation.m; sourceTree = "<group>"; };
		8536576A1C11AB7900CE06A0 /* AFHTTPRequestOperationManager.h */ = {isa = PBXFileReference; fileEncoding = 4; lastKnownFileType = sourcecode.c.h; path = AFHTTPRequestOperationManager.h; sourceTree = "<group>"; };
		8536576B1C11AB7900CE06A0 /* AFHTTPRequestOperationManager.m */ = {isa = PBXFileReference; fileEncoding = 4; lastKnownFileType = sourcecode.c.objc; path = AFHTTPRequestOperationManager.m; sourceTree = "<group>"; };
		8536576C1C11AB7900CE06A0 /* AFHTTPSessionManager.h */ = {isa = PBXFileReference; fileEncoding = 4; lastKnownFileType = sourcecode.c.h; path = AFHTTPSessionManager.h; sourceTree = "<group>"; };
		8536576D1C11AB7900CE06A0 /* AFHTTPSessionManager.m */ = {isa = PBXFileReference; fileEncoding = 4; lastKnownFileType = sourcecode.c.objc; path = AFHTTPSessionManager.m; sourceTree = "<group>"; };
		8536576E1C11AB7900CE06A0 /* AFNetworking.h */ = {isa = PBXFileReference; fileEncoding = 4; lastKnownFileType = sourcecode.c.h; path = AFNetworking.h; sourceTree = "<group>"; };
		8536576F1C11AB7900CE06A0 /* AFNetworkReachabilityManager.h */ = {isa = PBXFileReference; fileEncoding = 4; lastKnownFileType = sourcecode.c.h; path = AFNetworkReachabilityManager.h; sourceTree = "<group>"; };
		853657701C11AB7900CE06A0 /* AFNetworkReachabilityManager.m */ = {isa = PBXFileReference; fileEncoding = 4; lastKnownFileType = sourcecode.c.objc; path = AFNetworkReachabilityManager.m; sourceTree = "<group>"; };
		853657711C11AB7900CE06A0 /* AFSecurityPolicy.h */ = {isa = PBXFileReference; fileEncoding = 4; lastKnownFileType = sourcecode.c.h; path = AFSecurityPolicy.h; sourceTree = "<group>"; };
		853657721C11AB7900CE06A0 /* AFSecurityPolicy.m */ = {isa = PBXFileReference; fileEncoding = 4; lastKnownFileType = sourcecode.c.objc; path = AFSecurityPolicy.m; sourceTree = "<group>"; };
		853657731C11AB7900CE06A0 /* AFURLConnectionOperation.h */ = {isa = PBXFileReference; fileEncoding = 4; lastKnownFileType = sourcecode.c.h; path = AFURLConnectionOperation.h; sourceTree = "<group>"; };
		853657741C11AB7900CE06A0 /* AFURLConnectionOperation.m */ = {isa = PBXFileReference; fileEncoding = 4; lastKnownFileType = sourcecode.c.objc; path = AFURLConnectionOperation.m; sourceTree = "<group>"; };
		853657751C11AB7900CE06A0 /* AFURLRequestSerialization.h */ = {isa = PBXFileReference; fileEncoding = 4; lastKnownFileType = sourcecode.c.h; path = AFURLRequestSerialization.h; sourceTree = "<group>"; };
		853657761C11AB7900CE06A0 /* AFURLRequestSerialization.m */ = {isa = PBXFileReference; fileEncoding = 4; lastKnownFileType = sourcecode.c.objc; path = AFURLRequestSerialization.m; sourceTree = "<group>"; };
		853657771C11AB7900CE06A0 /* AFURLResponseSerialization.h */ = {isa = PBXFileReference; fileEncoding = 4; lastKnownFileType = sourcecode.c.h; path = AFURLResponseSerialization.h; sourceTree = "<group>"; };
		853657781C11AB7900CE06A0 /* AFURLResponseSerialization.m */ = {isa = PBXFileReference; fileEncoding = 4; lastKnownFileType = sourcecode.c.objc; path = AFURLResponseSerialization.m; sourceTree = "<group>"; };
		853657791C11AB7900CE06A0 /* AFURLSessionManager.h */ = {isa = PBXFileReference; fileEncoding = 4; lastKnownFileType = sourcecode.c.h; path = AFURLSessionManager.h; sourceTree = "<group>"; };
		8536577A1C11AB7900CE06A0 /* AFURLSessionManager.m */ = {isa = PBXFileReference; fileEncoding = 4; lastKnownFileType = sourcecode.c.objc; path = AFURLSessionManager.m; sourceTree = "<group>"; };
		8536577C1C11AB7900CE06A0 /* AFNetworkActivityIndicatorManager.h */ = {isa = PBXFileReference; fileEncoding = 4; lastKnownFileType = sourcecode.c.h; path = AFNetworkActivityIndicatorManager.h; sourceTree = "<group>"; };
		8536577D1C11AB7900CE06A0 /* AFNetworkActivityIndicatorManager.m */ = {isa = PBXFileReference; fileEncoding = 4; lastKnownFileType = sourcecode.c.objc; path = AFNetworkActivityIndicatorManager.m; sourceTree = "<group>"; };
		8536577E1C11AB7900CE06A0 /* UIActivityIndicatorView+AFNetworking.h */ = {isa = PBXFileReference; fileEncoding = 4; lastKnownFileType = sourcecode.c.h; path = "UIActivityIndicatorView+AFNetworking.h"; sourceTree = "<group>"; };
		8536577F1C11AB7900CE06A0 /* UIActivityIndicatorView+AFNetworking.m */ = {isa = PBXFileReference; fileEncoding = 4; lastKnownFileType = sourcecode.c.objc; path = "UIActivityIndicatorView+AFNetworking.m"; sourceTree = "<group>"; };
		853657801C11AB7900CE06A0 /* UIAlertView+AFNetworking.h */ = {isa = PBXFileReference; fileEncoding = 4; lastKnownFileType = sourcecode.c.h; path = "UIAlertView+AFNetworking.h"; sourceTree = "<group>"; };
		853657811C11AB7900CE06A0 /* UIAlertView+AFNetworking.m */ = {isa = PBXFileReference; fileEncoding = 4; lastKnownFileType = sourcecode.c.objc; path = "UIAlertView+AFNetworking.m"; sourceTree = "<group>"; };
		853657821C11AB7900CE06A0 /* UIButton+AFNetworking.h */ = {isa = PBXFileReference; fileEncoding = 4; lastKnownFileType = sourcecode.c.h; path = "UIButton+AFNetworking.h"; sourceTree = "<group>"; };
		853657831C11AB7900CE06A0 /* UIButton+AFNetworking.m */ = {isa = PBXFileReference; fileEncoding = 4; lastKnownFileType = sourcecode.c.objc; path = "UIButton+AFNetworking.m"; sourceTree = "<group>"; };
		853657841C11AB7900CE06A0 /* UIImage+AFNetworking.h */ = {isa = PBXFileReference; fileEncoding = 4; lastKnownFileType = sourcecode.c.h; path = "UIImage+AFNetworking.h"; sourceTree = "<group>"; };
		853657851C11AB7900CE06A0 /* UIImageView+AFNetworking.h */ = {isa = PBXFileReference; fileEncoding = 4; lastKnownFileType = sourcecode.c.h; path = "UIImageView+AFNetworking.h"; sourceTree = "<group>"; };
		853657861C11AB7900CE06A0 /* UIImageView+AFNetworking.m */ = {isa = PBXFileReference; fileEncoding = 4; lastKnownFileType = sourcecode.c.objc; path = "UIImageView+AFNetworking.m"; sourceTree = "<group>"; };
		853657871C11AB7900CE06A0 /* UIKit+AFNetworking.h */ = {isa = PBXFileReference; fileEncoding = 4; lastKnownFileType = sourcecode.c.h; path = "UIKit+AFNetworking.h"; sourceTree = "<group>"; };
		853657881C11AB7900CE06A0 /* UIProgressView+AFNetworking.h */ = {isa = PBXFileReference; fileEncoding = 4; lastKnownFileType = sourcecode.c.h; path = "UIProgressView+AFNetworking.h"; sourceTree = "<group>"; };
		853657891C11AB7900CE06A0 /* UIProgressView+AFNetworking.m */ = {isa = PBXFileReference; fileEncoding = 4; lastKnownFileType = sourcecode.c.objc; path = "UIProgressView+AFNetworking.m"; sourceTree = "<group>"; };
		8536578A1C11AB7900CE06A0 /* UIRefreshControl+AFNetworking.h */ = {isa = PBXFileReference; fileEncoding = 4; lastKnownFileType = sourcecode.c.h; path = "UIRefreshControl+AFNetworking.h"; sourceTree = "<group>"; };
		8536578B1C11AB7900CE06A0 /* UIRefreshControl+AFNetworking.m */ = {isa = PBXFileReference; fileEncoding = 4; lastKnownFileType = sourcecode.c.objc; path = "UIRefreshControl+AFNetworking.m"; sourceTree = "<group>"; };
		8536578C1C11AB7900CE06A0 /* UIWebView+AFNetworking.h */ = {isa = PBXFileReference; fileEncoding = 4; lastKnownFileType = sourcecode.c.h; path = "UIWebView+AFNetworking.h"; sourceTree = "<group>"; };
		8536578D1C11AB7900CE06A0 /* UIWebView+AFNetworking.m */ = {isa = PBXFileReference; fileEncoding = 4; lastKnownFileType = sourcecode.c.objc; path = "UIWebView+AFNetworking.m"; sourceTree = "<group>"; };
		8536579F1C11BC9500CE06A0 /* Foundation+Log.m */ = {isa = PBXFileReference; fileEncoding = 4; lastKnownFileType = sourcecode.c.objc; path = "Foundation+Log.m"; sourceTree = "<group>"; };
		8554D6BE1C13DFB40075B810 /* cityGroups.plist */ = {isa = PBXFileReference; fileEncoding = 4; lastKnownFileType = text.plist.xml; path = cityGroups.plist; sourceTree = "<group>"; };
		8554D6CD1C13E6F90075B810 /* LLCityItinerariesModel.h */ = {isa = PBXFileReference; fileEncoding = 4; lastKnownFileType = sourcecode.c.h; path = LLCityItinerariesModel.h; sourceTree = "<group>"; };
		8554D6CE1C13E6F90075B810 /* LLCityItinerariesModel.m */ = {isa = PBXFileReference; fileEncoding = 4; lastKnownFileType = sourcecode.c.objc; path = LLCityItinerariesModel.m; sourceTree = "<group>"; };
		8554D6D01C13E7160075B810 /* LLCityDescModel.h */ = {isa = PBXFileReference; fileEncoding = 4; lastKnownFileType = sourcecode.c.h; path = LLCityDescModel.h; sourceTree = "<group>"; };
		8554D6D11C13E7160075B810 /* LLCityDescModel.m */ = {isa = PBXFileReference; fileEncoding = 4; lastKnownFileType = sourcecode.c.objc; path = LLCityDescModel.m; sourceTree = "<group>"; };
		8554D6D31C13E7600075B810 /* LLCityItinerariesDetailModel.h */ = {isa = PBXFileReference; fileEncoding = 4; lastKnownFileType = sourcecode.c.h; path = LLCityItinerariesDetailModel.h; sourceTree = "<group>"; };
		8554D6D41C13E7600075B810 /* LLCityItinerariesDetailModel.m */ = {isa = PBXFileReference; fileEncoding = 4; lastKnownFileType = sourcecode.c.objc; path = LLCityItinerariesDetailModel.m; sourceTree = "<group>"; };
		8554D6D61C13E7D90075B810 /* LLCityItinerDetailPathModel.h */ = {isa = PBXFileReference; fileEncoding = 4; lastKnownFileType = sourcecode.c.h; path = LLCityItinerDetailPathModel.h; sourceTree = "<group>"; };
		8554D6D71C13E7D90075B810 /* LLCityItinerDetailPathModel.m */ = {isa = PBXFileReference; fileEncoding = 4; lastKnownFileType = sourcecode.c.objc; path = LLCityItinerDetailPathModel.m; sourceTree = "<group>"; };
		8554D6D91C13E7F40075B810 /* LLCityModel.h */ = {isa = PBXFileReference; fileEncoding = 4; lastKnownFileType = sourcecode.c.h; path = LLCityModel.h; sourceTree = "<group>"; };
		8554D6DA1C13E7F40075B810 /* LLCityModel.m */ = {isa = PBXFileReference; fileEncoding = 4; lastKnownFileType = sourcecode.c.objc; path = LLCityModel.m; sourceTree = "<group>"; };
		8554D6DC1C13EBD30075B810 /* cities.plist */ = {isa = PBXFileReference; fileEncoding = 4; lastKnownFileType = text.plist.xml; path = cities.plist; sourceTree = "<group>"; };
		8554D6DE1C13EC5E0075B810 /* LLCityItinerDetailPathDescModel.h */ = {isa = PBXFileReference; fileEncoding = 4; lastKnownFileType = sourcecode.c.h; path = LLCityItinerDetailPathDescModel.h; sourceTree = "<group>"; };
		8554D6DF1C13EC5E0075B810 /* LLCityItinerDetailPathDescModel.m */ = {isa = PBXFileReference; fileEncoding = 4; lastKnownFileType = sourcecode.c.objc; path = LLCityItinerDetailPathDescModel.m; sourceTree = "<group>"; };
		8554D6E11C13F3E20075B810 /* LLMetaDataTool.h */ = {isa = PBXFileReference; fileEncoding = 4; lastKnownFileType = sourcecode.c.h; path = LLMetaDataTool.h; sourceTree = "<group>"; };
		8554D6E21C13F3E20075B810 /* LLMetaDataTool.m */ = {isa = PBXFileReference; fileEncoding = 4; lastKnownFileType = sourcecode.c.objc; path = LLMetaDataTool.m; sourceTree = "<group>"; };
		8554D6E41C13FF7D0075B810 /* LLNetConnTool.h */ = {isa = PBXFileReference; fileEncoding = 4; lastKnownFileType = sourcecode.c.h; path = LLNetConnTool.h; sourceTree = "<group>"; };
		8554D6E51C13FF7D0075B810 /* LLNetConnTool.m */ = {isa = PBXFileReference; fileEncoding = 4; lastKnownFileType = sourcecode.c.objc; path = LLNetConnTool.m; sourceTree = "<group>"; };
		8554D6E71C1413ED0075B810 /* PrefixHeader.pch */ = {isa = PBXFileReference; lastKnownFileType = sourcecode.c.h; name = PrefixHeader.pch; path = ../Resourse/PrefixHeader.pch; sourceTree = "<group>"; };
		8554D6E91C14192D0075B810 /* MJDictionaryCache.h */ = {isa = PBXFileReference; fileEncoding = 4; lastKnownFileType = sourcecode.c.h; path = MJDictionaryCache.h; sourceTree = "<group>"; };
		8554D6EA1C14192D0075B810 /* MJDictionaryCache.m */ = {isa = PBXFileReference; fileEncoding = 4; lastKnownFileType = sourcecode.c.objc; path = MJDictionaryCache.m; sourceTree = "<group>"; };
		8554D6EB1C14192D0075B810 /* MJExtension.h */ = {isa = PBXFileReference; fileEncoding = 4; lastKnownFileType = sourcecode.c.h; path = MJExtension.h; sourceTree = "<group>"; };
		8554D6EC1C14192D0075B810 /* MJExtensionConst.h */ = {isa = PBXFileReference; fileEncoding = 4; lastKnownFileType = sourcecode.c.h; path = MJExtensionConst.h; sourceTree = "<group>"; };
		8554D6ED1C14192D0075B810 /* MJExtensionConst.m */ = {isa = PBXFileReference; fileEncoding = 4; lastKnownFileType = sourcecode.c.objc; path = MJExtensionConst.m; sourceTree = "<group>"; };
		8554D6EE1C14192D0075B810 /* MJFoundation.h */ = {isa = PBXFileReference; fileEncoding = 4; lastKnownFileType = sourcecode.c.h; path = MJFoundation.h; sourceTree = "<group>"; };
		8554D6EF1C14192D0075B810 /* MJFoundation.m */ = {isa = PBXFileReference; fileEncoding = 4; lastKnownFileType = sourcecode.c.objc; path = MJFoundation.m; sourceTree = "<group>"; };
		8554D6F01C14192D0075B810 /* MJProperty.h */ = {isa = PBXFileReference; fileEncoding = 4; lastKnownFileType = sourcecode.c.h; path = MJProperty.h; sourceTree = "<group>"; };
		8554D6F11C14192D0075B810 /* MJProperty.m */ = {isa = PBXFileReference; fileEncoding = 4; lastKnownFileType = sourcecode.c.objc; path = MJProperty.m; sourceTree = "<group>"; };
		8554D6F21C14192D0075B810 /* MJPropertyKey.h */ = {isa = PBXFileReference; fileEncoding = 4; lastKnownFileType = sourcecode.c.h; path = MJPropertyKey.h; sourceTree = "<group>"; };
		8554D6F31C14192D0075B810 /* MJPropertyKey.m */ = {isa = PBXFileReference; fileEncoding = 4; lastKnownFileType = sourcecode.c.objc; path = MJPropertyKey.m; sourceTree = "<group>"; };
		8554D6F41C14192D0075B810 /* MJPropertyType.h */ = {isa = PBXFileReference; fileEncoding = 4; lastKnownFileType = sourcecode.c.h; path = MJPropertyType.h; sourceTree = "<group>"; };
		8554D6F51C14192D0075B810 /* MJPropertyType.m */ = {isa = PBXFileReference; fileEncoding = 4; lastKnownFileType = sourcecode.c.objc; path = MJPropertyType.m; sourceTree = "<group>"; };
		8554D6F61C14192D0075B810 /* NSObject+MJClass.h */ = {isa = PBXFileReference; fileEncoding = 4; lastKnownFileType = sourcecode.c.h; path = "NSObject+MJClass.h"; sourceTree = "<group>"; };
		8554D6F71C14192D0075B810 /* NSObject+MJClass.m */ = {isa = PBXFileReference; fileEncoding = 4; lastKnownFileType = sourcecode.c.objc; path = "NSObject+MJClass.m"; sourceTree = "<group>"; };
		8554D6F81C14192D0075B810 /* NSObject+MJCoding.h */ = {isa = PBXFileReference; fileEncoding = 4; lastKnownFileType = sourcecode.c.h; path = "NSObject+MJCoding.h"; sourceTree = "<group>"; };
		8554D6F91C14192D0075B810 /* NSObject+MJCoding.m */ = {isa = PBXFileReference; fileEncoding = 4; lastKnownFileType = sourcecode.c.objc; path = "NSObject+MJCoding.m"; sourceTree = "<group>"; };
		8554D6FA1C14192D0075B810 /* NSObject+MJKeyValue.h */ = {isa = PBXFileReference; fileEncoding = 4; lastKnownFileType = sourcecode.c.h; path = "NSObject+MJKeyValue.h"; sourceTree = "<group>"; };
		8554D6FB1C14192D0075B810 /* NSObject+MJKeyValue.m */ = {isa = PBXFileReference; fileEncoding = 4; lastKnownFileType = sourcecode.c.objc; path = "NSObject+MJKeyValue.m"; sourceTree = "<group>"; };
		8554D6FC1C14192D0075B810 /* NSObject+MJProperty.h */ = {isa = PBXFileReference; fileEncoding = 4; lastKnownFileType = sourcecode.c.h; path = "NSObject+MJProperty.h"; sourceTree = "<group>"; };
		8554D6FD1C14192D0075B810 /* NSObject+MJProperty.m */ = {isa = PBXFileReference; fileEncoding = 4; lastKnownFileType = sourcecode.c.objc; path = "NSObject+MJProperty.m"; sourceTree = "<group>"; };
		8554D6FE1C14192D0075B810 /* NSString+MJExtension.h */ = {isa = PBXFileReference; fileEncoding = 4; lastKnownFileType = sourcecode.c.h; path = "NSString+MJExtension.h"; sourceTree = "<group>"; };
		8554D6FF1C14192D0075B810 /* NSString+MJExtension.m */ = {isa = PBXFileReference; fileEncoding = 4; lastKnownFileType = sourcecode.c.objc; path = "NSString+MJExtension.m"; sourceTree = "<group>"; };
		85DC8D871C22A97300459BE7 /* LICENSE */ = {isa = PBXFileReference; fileEncoding = 4; lastKnownFileType = text; path = LICENSE; sourceTree = "<group>"; };
		85DC8D881C22A97300459BE7 /* MBProgressHUD.h */ = {isa = PBXFileReference; fileEncoding = 4; lastKnownFileType = sourcecode.c.h; path = MBProgressHUD.h; sourceTree = "<group>"; };
		85DC8D891C22A97300459BE7 /* MBProgressHUD.m */ = {isa = PBXFileReference; fileEncoding = 4; lastKnownFileType = sourcecode.c.objc; path = MBProgressHUD.m; sourceTree = "<group>"; };
		85DC8D8A1C22A97300459BE7 /* README.mdown */ = {isa = PBXFileReference; fileEncoding = 4; lastKnownFileType = net.daringfireball.markdown; path = README.mdown; sourceTree = "<group>"; };
		85DC8D8E1C22B23700459BE7 /* AppDelegate+Category.h */ = {isa = PBXFileReference; fileEncoding = 4; lastKnownFileType = sourcecode.c.h; path = "AppDelegate+Category.h"; sourceTree = "<group>"; };
		85DC8D8F1C22B23700459BE7 /* AppDelegate+Category.m */ = {isa = PBXFileReference; fileEncoding = 4; lastKnownFileType = sourcecode.c.objc; path = "AppDelegate+Category.m"; sourceTree = "<group>"; };
		85E090FA1C158D6E007D8310 /* LLCitiesSingle.h */ = {isa = PBXFileReference; fileEncoding = 4; lastKnownFileType = sourcecode.c.h; path = LLCitiesSingle.h; sourceTree = "<group>"; };
		85E090FB1C158D6E007D8310 /* LLCitiesSingle.m */ = {isa = PBXFileReference; fileEncoding = 4; lastKnownFileType = sourcecode.c.objc; path = LLCitiesSingle.m; sourceTree = "<group>"; };
/* End PBXFileReference section */

/* Begin PBXFrameworksBuildPhase section */
		8527729F1C106476005105B4 /* Frameworks */ = {
			isa = PBXFrameworksBuildPhase;
			buildActionMask = 2147483647;
			files = (
			);
			runOnlyForDeploymentPostprocessing = 0;
		};
/* End PBXFrameworksBuildPhase section */

/* Begin PBXGroup section */
		8504A85B1C1FB65000EB181A /* Masonry */ = {
			isa = PBXGroup;
			children = (
				8504A85C1C1FB65000EB181A /* Info.plist */,
				8504A85D1C1FB65000EB181A /* MASCompositeConstraint.h */,
				8504A85E1C1FB65000EB181A /* MASCompositeConstraint.m */,
				8504A85F1C1FB65000EB181A /* MASConstraint+Private.h */,
				8504A8601C1FB65000EB181A /* MASConstraint.h */,
				8504A8611C1FB65000EB181A /* MASConstraint.m */,
				8504A8621C1FB65000EB181A /* MASConstraintMaker.h */,
				8504A8631C1FB65000EB181A /* MASConstraintMaker.m */,
				8504A8641C1FB65000EB181A /* MASLayoutConstraint.h */,
				8504A8651C1FB65000EB181A /* MASLayoutConstraint.m */,
				8504A8661C1FB65000EB181A /* Masonry.h */,
				8504A8671C1FB65000EB181A /* MASUtilities.h */,
				8504A8681C1FB65000EB181A /* MASViewAttribute.h */,
				8504A8691C1FB65000EB181A /* MASViewAttribute.m */,
				8504A86A1C1FB65000EB181A /* MASViewConstraint.h */,
				8504A86B1C1FB65000EB181A /* MASViewConstraint.m */,
				8504A86C1C1FB65000EB181A /* NSArray+MASAdditions.h */,
				8504A86D1C1FB65000EB181A /* NSArray+MASAdditions.m */,
				8504A86E1C1FB65000EB181A /* NSArray+MASShorthandAdditions.h */,
				8504A86F1C1FB65000EB181A /* NSLayoutConstraint+MASDebugAdditions.h */,
				8504A8701C1FB65000EB181A /* NSLayoutConstraint+MASDebugAdditions.m */,
				8504A8711C1FB65000EB181A /* View+MASAdditions.h */,
				8504A8721C1FB65000EB181A /* View+MASAdditions.m */,
				8504A8731C1FB65000EB181A /* View+MASShorthandAdditions.h */,
				8504A8741C1FB65000EB181A /* ViewController+MASAdditions.h */,
				8504A8751C1FB65000EB181A /* ViewController+MASAdditions.m */,
			);
			path = Masonry;
			sourceTree = "<group>";
		};
		852772991C106476005105B4 = {
			isa = PBXGroup;
			children = (
				852772A41C106476005105B4 /* 酷游 */,
				852772A31C106476005105B4 /* Products */,
			);
			sourceTree = "<group>";
		};
		852772A31C106476005105B4 /* Products */ = {
			isa = PBXGroup;
			children = (
				852772A21C106476005105B4 /* 酷游.app */,
			);
			name = Products;
			sourceTree = "<group>";
		};
		852772A41C106476005105B4 /* 酷游 */ = {
			isa = PBXGroup;
			children = (
				852772D21C1064DE005105B4 /* Class */,
				852772A81C106476005105B4 /* AppDelegate.h */,
				852772A91C106476005105B4 /* AppDelegate.m */,
				852772AB1C106476005105B4 /* ViewController.h */,
				852772AC1C106476005105B4 /* ViewController.m */,
				852772B11C106476005105B4 /* Assets.xcassets */,
				852E0FBF1C2963D20044B6DE /* act_bt_long.png */,
				852772E81C10660F005105B4 /* Main.storyboard */,
				852772B31C106476005105B4 /* LaunchScreen.storyboard */,
				852772B61C106476005105B4 /* Info.plist */,
				852772A51C106476005105B4 /* Supporting Files */,
			);
			path = "酷游";
			sourceTree = "<group>";
		};
		852772A51C106476005105B4 /* Supporting Files */ = {
			isa = PBXGroup;
			children = (
				852772A61C106476005105B4 /* main.m */,
			);
			name = "Supporting Files";
			sourceTree = "<group>";
		};
		852772D21C1064DE005105B4 /* Class */ = {
			isa = PBXGroup;
			children = (
				852772EA1C106703005105B4 /* Welcome */,
				852772D41C1064DE005105B4 /* Lib */,
				852772D91C1064DE005105B4 /* Other */,
				852772DA1C1064DE005105B4 /* Resourse */,
				852772DB1C1064DE005105B4 /* Setting */,
				852772DC1C1064DE005105B4 /* Tool */,
				852772DD1C1064DE005105B4 /* TouristAttraction */,
			);
			path = Class;
			sourceTree = "<group>";
		};
		852772D41C1064DE005105B4 /* Lib */ = {
			isa = PBXGroup;
			children = (
				852E0FD51C296B230044B6DE /* NJKWebViewProgress */,
				85DC8D861C22A97300459BE7 /* MBProgressHUD */,
				8504A85B1C1FB65000EB181A /* Masonry */,
				8554D6E81C14192D0075B810 /* MJExtension */,
				853657661C11AB7900CE06A0 /* AFNetworking */,
			);
			path = Lib;
			sourceTree = "<group>";
		};
		852772D91C1064DE005105B4 /* Other */ = {
			isa = PBXGroup;
			children = (
				852773051C106B7D005105B4 /* 图片 */,
			);
			path = Other;
			sourceTree = "<group>";
		};
		852772DA1C1064DE005105B4 /* Resourse */ = {
			isa = PBXGroup;
			children = (
			);
			path = Resourse;
			sourceTree = "<group>";
		};
		852772DB1C1064DE005105B4 /* Setting */ = {
			isa = PBXGroup;
			children = (
			);
			path = Setting;
			sourceTree = "<group>";
		};
		852772DC1C1064DE005105B4 /* Tool */ = {
			isa = PBXGroup;
			children = (
				8554D6E71C1413ED0075B810 /* PrefixHeader.pch */,
				8536579F1C11BC9500CE06A0 /* Foundation+Log.m */,
			);
			path = Tool;
			sourceTree = "<group>";
		};
		852772DD1C1064DE005105B4 /* TouristAttraction */ = {
			isa = PBXGroup;
			children = (
				85DC8D821C22A8AD00459BE7 /* Category */,
				8554D6C91C13E4D80075B810 /* Tools */,
				8554D6C21C13E0210075B810 /* View */,
				8554D6C11C13DFF40075B810 /* Controllers */,
				8554D6C01C13DFDE0075B810 /* Model */,
				853657A11C11BD1F00CE06A0 /* PList */,
			);
			path = TouristAttraction;
			sourceTree = "<group>";
		};
		852772EA1C106703005105B4 /* Welcome */ = {
			isa = PBXGroup;
			children = (
				852772EB1C106725005105B4 /* WelcomeViewController.h */,
				852772EC1C106725005105B4 /* WelcomeViewController.m */,
			);
			path = Welcome;
			sourceTree = "<group>";
		};
		852773051C106B7D005105B4 /* 图片 */ = {
			isa = PBXGroup;
			children = (
				8527730C1C106B7D005105B4 /* sceen */,
				8527730E1C106B7D005105B4 /* welcome */,
			);
			path = "图片";
			sourceTree = "<group>";
		};
		8527730C1C106B7D005105B4 /* sceen */ = {
			isa = PBXGroup;
			children = (
				8527730D1C106B7D005105B4 /* sceen.jpg */,
			);
			path = sceen;
			sourceTree = "<group>";
		};
		8527730E1C106B7D005105B4 /* welcome */ = {
			isa = PBXGroup;
			children = (
				852E0FCB1C2968C90044B6DE /* bg5.jpg */,
				852E0FCC1C2968C90044B6DE /* bg4.jpg */,
				852E0FCD1C2968C90044B6DE /* bg3.jpg */,
				852E0FCE1C2968C90044B6DE /* bg2.jpg */,
				852E0FCF1C2968C90044B6DE /* bg1.jpg */,
			);
			path = welcome;
			sourceTree = "<group>";
		};
		852E0FD51C296B230044B6DE /* NJKWebViewProgress */ = {
			isa = PBXGroup;
			children = (
				852E0FD61C296B230044B6DE /* NJKWebViewProgress.h */,
				852E0FD71C296B230044B6DE /* NJKWebViewProgress.m */,
				852E0FD81C296B230044B6DE /* NJKWebViewProgressView.h */,
				852E0FD91C296B230044B6DE /* NJKWebViewProgressView.m */,
			);
			path = NJKWebViewProgress;
			sourceTree = "<group>";
		};
		853657661C11AB7900CE06A0 /* AFNetworking */ = {
			isa = PBXGroup;
			children = (
				853657671C11AB7900CE06A0 /* AFNetworking */,
				8536577B1C11AB7900CE06A0 /* UIKit+AFNetworking */,
			);
			path = AFNetworking;
			sourceTree = "<group>";
		};
		853657671C11AB7900CE06A0 /* AFNetworking */ = {
			isa = PBXGroup;
			children = (
				853657681C11AB7900CE06A0 /* AFHTTPRequestOperation.h */,
				853657691C11AB7900CE06A0 /* AFHTTPRequestOperation.m */,
				8536576A1C11AB7900CE06A0 /* AFHTTPRequestOperationManager.h */,
				8536576B1C11AB7900CE06A0 /* AFHTTPRequestOperationManager.m */,
				8536576C1C11AB7900CE06A0 /* AFHTTPSessionManager.h */,
				8536576D1C11AB7900CE06A0 /* AFHTTPSessionManager.m */,
				8536576E1C11AB7900CE06A0 /* AFNetworking.h */,
				8536576F1C11AB7900CE06A0 /* AFNetworkReachabilityManager.h */,
				853657701C11AB7900CE06A0 /* AFNetworkReachabilityManager.m */,
				853657711C11AB7900CE06A0 /* AFSecurityPolicy.h */,
				853657721C11AB7900CE06A0 /* AFSecurityPolicy.m */,
				853657731C11AB7900CE06A0 /* AFURLConnectionOperation.h */,
				853657741C11AB7900CE06A0 /* AFURLConnectionOperation.m */,
				853657751C11AB7900CE06A0 /* AFURLRequestSerialization.h */,
				853657761C11AB7900CE06A0 /* AFURLRequestSerialization.m */,
				853657771C11AB7900CE06A0 /* AFURLResponseSerialization.h */,
				853657781C11AB7900CE06A0 /* AFURLResponseSerialization.m */,
				853657791C11AB7900CE06A0 /* AFURLSessionManager.h */,
				8536577A1C11AB7900CE06A0 /* AFURLSessionManager.m */,
			);
			path = AFNetworking;
			sourceTree = "<group>";
		};
		8536577B1C11AB7900CE06A0 /* UIKit+AFNetworking */ = {
			isa = PBXGroup;
			children = (
				8536577C1C11AB7900CE06A0 /* AFNetworkActivityIndicatorManager.h */,
				8536577D1C11AB7900CE06A0 /* AFNetworkActivityIndicatorManager.m */,
				8536577E1C11AB7900CE06A0 /* UIActivityIndicatorView+AFNetworking.h */,
				8536577F1C11AB7900CE06A0 /* UIActivityIndicatorView+AFNetworking.m */,
				853657801C11AB7900CE06A0 /* UIAlertView+AFNetworking.h */,
				853657811C11AB7900CE06A0 /* UIAlertView+AFNetworking.m */,
				853657821C11AB7900CE06A0 /* UIButton+AFNetworking.h */,
				853657831C11AB7900CE06A0 /* UIButton+AFNetworking.m */,
				853657841C11AB7900CE06A0 /* UIImage+AFNetworking.h */,
				853657851C11AB7900CE06A0 /* UIImageView+AFNetworking.h */,
				853657861C11AB7900CE06A0 /* UIImageView+AFNetworking.m */,
				853657871C11AB7900CE06A0 /* UIKit+AFNetworking.h */,
				853657881C11AB7900CE06A0 /* UIProgressView+AFNetworking.h */,
				853657891C11AB7900CE06A0 /* UIProgressView+AFNetworking.m */,
				8536578A1C11AB7900CE06A0 /* UIRefreshControl+AFNetworking.h */,
				8536578B1C11AB7900CE06A0 /* UIRefreshControl+AFNetworking.m */,
				8536578C1C11AB7900CE06A0 /* UIWebView+AFNetworking.h */,
				8536578D1C11AB7900CE06A0 /* UIWebView+AFNetworking.m */,
			);
			path = "UIKit+AFNetworking";
			sourceTree = "<group>";
		};
		853657A11C11BD1F00CE06A0 /* PList */ = {
			isa = PBXGroup;
			children = (
				8554D6DC1C13EBD30075B810 /* cities.plist */,
				8554D6BE1C13DFB40075B810 /* cityGroups.plist */,
			);
			path = PList;
			sourceTree = "<group>";
		};
		8554D6C01C13DFDE0075B810 /* Model */ = {
			isa = PBXGroup;
			children = (
				8554D6D91C13E7F40075B810 /* LLCityModel.h */,
				8554D6DA1C13E7F40075B810 /* LLCityModel.m */,
				8554D6D01C13E7160075B810 /* LLCityDescModel.h */,
				8554D6D11C13E7160075B810 /* LLCityDescModel.m */,
				8554D6CD1C13E6F90075B810 /* LLCityItinerariesModel.h */,
				8554D6CE1C13E6F90075B810 /* LLCityItinerariesModel.m */,
				8554D6D31C13E7600075B810 /* LLCityItinerariesDetailModel.h */,
				8554D6D41C13E7600075B810 /* LLCityItinerariesDetailModel.m */,
				8554D6D61C13E7D90075B810 /* LLCityItinerDetailPathModel.h */,
				8554D6D71C13E7D90075B810 /* LLCityItinerDetailPathModel.m */,
				8554D6DE1C13EC5E0075B810 /* LLCityItinerDetailPathDescModel.h */,
				8554D6DF1C13EC5E0075B810 /* LLCityItinerDetailPathDescModel.m */,
			);
			path = Model;
			sourceTree = "<group>";
		};
		8554D6C11C13DFF40075B810 /* Controllers */ = {
			isa = PBXGroup;
			children = (
				852C83B51C15A97D003715A4 /* LLPopTableViewController.h */,
				852C83B61C15A97D003715A4 /* LLPopTableViewController.m */,
				852C83B81C15B766003715A4 /* LLCityDescTableViewController.h */,
				852C83B91C15B766003715A4 /* LLCityDescTableViewController.m */,
				8518558E1C18159D00A92D2A /* LLPathDailyTableViewController.h */,
				8518558F1C18159D00A92D2A /* LLPathDailyTableViewController.m */,
				8504A8811C1FB9B400EB181A /* LLPathDetailViewController.h */,
				8504A8821C1FB9B400EB181A /* LLPathDetailViewController.m */,
			);
			path = Controllers;
			sourceTree = "<group>";
		};
		8554D6C21C13E0210075B810 /* View */ = {
			isa = PBXGroup;
			children = (
				851855861C17D86E00A92D2A /* PellTableViewSelect.h */,
				851855871C17D86E00A92D2A /* PellTableViewSelect.m */,
				852E64C11C201B1300F5FCF1 /* LLPathDailyTableViewCell.h */,
				852E64C21C201B1300F5FCF1 /* LLPathDailyTableViewCell.m */,
				852E64C31C201B1300F5FCF1 /* LLPathDailyTableViewCell.xib */,
				852E4A0E1C24312C00A3BF7A /* LLCityDescCell.h */,
				852E4A0F1C24312C00A3BF7A /* LLCityDescCell.m */,
			);
			path = View;
			sourceTree = "<group>";
		};
		8554D6C91C13E4D80075B810 /* Tools */ = {
			isa = PBXGroup;
			children = (
				8554D6E11C13F3E20075B810 /* LLMetaDataTool.h */,
				8554D6E21C13F3E20075B810 /* LLMetaDataTool.m */,
				8554D6E41C13FF7D0075B810 /* LLNetConnTool.h */,
				8554D6E51C13FF7D0075B810 /* LLNetConnTool.m */,
				85E090FA1C158D6E007D8310 /* LLCitiesSingle.h */,
				85E090FB1C158D6E007D8310 /* LLCitiesSingle.m */,
			);
			path = Tools;
			sourceTree = "<group>";
		};
		8554D6E81C14192D0075B810 /* MJExtension */ = {
			isa = PBXGroup;
			children = (
				8554D6E91C14192D0075B810 /* MJDictionaryCache.h */,
				8554D6EA1C14192D0075B810 /* MJDictionaryCache.m */,
				8554D6EB1C14192D0075B810 /* MJExtension.h */,
				8554D6EC1C14192D0075B810 /* MJExtensionConst.h */,
				8554D6ED1C14192D0075B810 /* MJExtensionConst.m */,
				8554D6EE1C14192D0075B810 /* MJFoundation.h */,
				8554D6EF1C14192D0075B810 /* MJFoundation.m */,
				8554D6F01C14192D0075B810 /* MJProperty.h */,
				8554D6F11C14192D0075B810 /* MJProperty.m */,
				8554D6F21C14192D0075B810 /* MJPropertyKey.h */,
				8554D6F31C14192D0075B810 /* MJPropertyKey.m */,
				8554D6F41C14192D0075B810 /* MJPropertyType.h */,
				8554D6F51C14192D0075B810 /* MJPropertyType.m */,
				8554D6F61C14192D0075B810 /* NSObject+MJClass.h */,
				8554D6F71C14192D0075B810 /* NSObject+MJClass.m */,
				8554D6F81C14192D0075B810 /* NSObject+MJCoding.h */,
				8554D6F91C14192D0075B810 /* NSObject+MJCoding.m */,
				8554D6FA1C14192D0075B810 /* NSObject+MJKeyValue.h */,
				8554D6FB1C14192D0075B810 /* NSObject+MJKeyValue.m */,
				8554D6FC1C14192D0075B810 /* NSObject+MJProperty.h */,
				8554D6FD1C14192D0075B810 /* NSObject+MJProperty.m */,
				8554D6FE1C14192D0075B810 /* NSString+MJExtension.h */,
				8554D6FF1C14192D0075B810 /* NSString+MJExtension.m */,
			);
			path = MJExtension;
			sourceTree = "<group>";
		};
		85DC8D821C22A8AD00459BE7 /* Category */ = {
			isa = PBXGroup;
			children = (
				85DC8D8E1C22B23700459BE7 /* AppDelegate+Category.h */,
				85DC8D8F1C22B23700459BE7 /* AppDelegate+Category.m */,
			);
			path = Category;
			sourceTree = "<group>";
		};
		85DC8D861C22A97300459BE7 /* MBProgressHUD */ = {
			isa = PBXGroup;
			children = (
				85DC8D871C22A97300459BE7 /* LICENSE */,
				85DC8D881C22A97300459BE7 /* MBProgressHUD.h */,
				85DC8D891C22A97300459BE7 /* MBProgressHUD.m */,
				85DC8D8A1C22A97300459BE7 /* README.mdown */,
			);
			path = MBProgressHUD;
			sourceTree = "<group>";
		};
/* End PBXGroup section */

/* Begin PBXNativeTarget section */
		852772A11C106476005105B4 /* 酷游 */ = {
			isa = PBXNativeTarget;
			buildConfigurationList = 852772B91C106476005105B4 /* Build configuration list for PBXNativeTarget "酷游" */;
			buildPhases = (
				8527729E1C106476005105B4 /* Sources */,
				8527729F1C106476005105B4 /* Frameworks */,
				852772A01C106476005105B4 /* Resources */,
			);
			buildRules = (
			);
			dependencies = (
			);
			name = "酷游";
			productName = "酷游";
			productReference = 852772A21C106476005105B4 /* 酷游.app */;
			productType = "com.apple.product-type.application";
		};
/* End PBXNativeTarget section */

/* Begin PBXProject section */
		8527729A1C106476005105B4 /* Project object */ = {
			isa = PBXProject;
			attributes = {
				CLASSPREFIX = LL;
				LastUpgradeCheck = 0710;
				ORGANIZATIONNAME = tarena;
				TargetAttributes = {
					852772A11C106476005105B4 = {
						CreatedOnToolsVersion = 7.1;
					};
				};
			};
			buildConfigurationList = 8527729D1C106476005105B4 /* Build configuration list for PBXProject "酷游" */;
			compatibilityVersion = "Xcode 3.2";
			developmentRegion = English;
			hasScannedForEncodings = 0;
			knownRegions = (
				en,
				Base,
			);
			mainGroup = 852772991C106476005105B4;
			productRefGroup = 852772A31C106476005105B4 /* Products */;
			projectDirPath = "";
			projectRoot = "";
			targets = (
				852772A11C106476005105B4 /* 酷游 */,
			);
		};
/* End PBXProject section */

/* Begin PBXResourcesBuildPhase section */
		852772A01C106476005105B4 /* Resources */ = {
			isa = PBXResourcesBuildPhase;
			buildActionMask = 2147483647;
			files = (
				852E0FD41C2968C90044B6DE /* bg1.jpg in Resources */,
				852E0FD01C2968C90044B6DE /* bg5.jpg in Resources */,
				852E0FC01C2963D20044B6DE /* act_bt_long.png in Resources */,
				8554D6BF1C13DFB40075B810 /* cityGroups.plist in Resources */,
				852E0FD21C2968C90044B6DE /* bg3.jpg in Resources */,
				852772E91C10660F005105B4 /* Main.storyboard in Resources */,
				852E0FD31C2968C90044B6DE /* bg2.jpg in Resources */,
				852E64C51C201B1300F5FCF1 /* LLPathDailyTableViewCell.xib in Resources */,
				8504A8761C1FB65000EB181A /* Info.plist in Resources */,
				8554D6DD1C13EBD30075B810 /* cities.plist in Resources */,
				852773181C106B7D005105B4 /* sceen.jpg in Resources */,
				852E0FD11C2968C90044B6DE /* bg4.jpg in Resources */,
				85DC8D8B1C22A97300459BE7 /* LICENSE in Resources */,
				852772B51C106476005105B4 /* LaunchScreen.storyboard in Resources */,
				852772B21C106476005105B4 /* Assets.xcassets in Resources */,
			);
			runOnlyForDeploymentPostprocessing = 0;
		};
/* End PBXResourcesBuildPhase section */

/* Begin PBXSourcesBuildPhase section */
		8527729E1C106476005105B4 /* Sources */ = {
			isa = PBXSourcesBuildPhase;
			buildActionMask = 2147483647;
			files = (
				853657931C11AB7900CE06A0 /* AFURLConnectionOperation.m in Sources */,
				852772AD1C106476005105B4 /* ViewController.m in Sources */,
				853657921C11AB7900CE06A0 /* AFSecurityPolicy.m in Sources */,
				8554D7031C14192D0075B810 /* MJProperty.m in Sources */,
				852772AA1C106476005105B4 /* AppDelegate.m in Sources */,
				85E090FC1C158D6E007D8310 /* LLCitiesSingle.m in Sources */,
				8554D6D81C13E7D90075B810 /* LLCityItinerDetailPathModel.m in Sources */,
				8554D7061C14192D0075B810 /* NSObject+MJClass.m in Sources */,
				8554D7001C14192D0075B810 /* MJDictionaryCache.m in Sources */,
				8554D70A1C14192D0075B810 /* NSString+MJExtension.m in Sources */,
				8554D6D21C13E7160075B810 /* LLCityDescModel.m in Sources */,
				8536579C1C11AB7900CE06A0 /* UIProgressView+AFNetworking.m in Sources */,
				851855901C18159D00A92D2A /* LLPathDailyTableViewController.m in Sources */,
				853657991C11AB7900CE06A0 /* UIAlertView+AFNetworking.m in Sources */,
				8554D7011C14192D0075B810 /* MJExtensionConst.m in Sources */,
				8554D7081C14192D0075B810 /* NSObject+MJKeyValue.m in Sources */,
				852E64C41C201B1300F5FCF1 /* LLPathDailyTableViewCell.m in Sources */,
				852C83B71C15A97D003715A4 /* LLPopTableViewController.m in Sources */,
				852E4A111C24312C00A3BF7A /* LLCityDescCell.m in Sources */,
				8554D6E61C13FF7D0075B810 /* LLNetConnTool.m in Sources */,
				853657971C11AB7900CE06A0 /* AFNetworkActivityIndicatorManager.m in Sources */,
				8536578F1C11AB7900CE06A0 /* AFHTTPRequestOperationManager.m in Sources */,
				8504A8801C1FB65000EB181A /* ViewController+MASAdditions.m in Sources */,
				85DC8D8C1C22A97300459BE7 /* MBProgressHUD.m in Sources */,
				8504A8781C1FB65000EB181A /* MASConstraint.m in Sources */,
				8504A8771C1FB65000EB181A /* MASCompositeConstraint.m in Sources */,
				8536579A1C11AB7900CE06A0 /* UIButton+AFNetworking.m in Sources */,
				8504A87E1C1FB65000EB181A /* NSLayoutConstraint+MASDebugAdditions.m in Sources */,
				853657981C11AB7900CE06A0 /* UIActivityIndicatorView+AFNetworking.m in Sources */,
				8554D6E31C13F3E20075B810 /* LLMetaDataTool.m in Sources */,
				8554D6CF1C13E6F90075B810 /* LLCityItinerariesModel.m in Sources */,
				85DC8D901C22B23700459BE7 /* AppDelegate+Category.m in Sources */,
				8554D6D51C13E7600075B810 /* LLCityItinerariesDetailModel.m in Sources */,
				8554D6DB1C13E7F40075B810 /* LLCityModel.m in Sources */,
				852E0FDA1C296B230044B6DE /* NJKWebViewProgress.m in Sources */,
				8504A87C1C1FB65000EB181A /* MASViewConstraint.m in Sources */,
				8536579E1C11AB7900CE06A0 /* UIWebView+AFNetworking.m in Sources */,
				852772A71C106476005105B4 /* main.m in Sources */,
				8504A8791C1FB65000EB181A /* MASConstraintMaker.m in Sources */,
				8554D6E01C13EC5E0075B810 /* LLCityItinerDetailPathDescModel.m in Sources */,
				8504A87D1C1FB65000EB181A /* NSArray+MASAdditions.m in Sources */,
				8504A87F1C1FB65000EB181A /* View+MASAdditions.m in Sources */,
				8554D7071C14192D0075B810 /* NSObject+MJCoding.m in Sources */,
				853657A01C11BC9500CE06A0 /* Foundation+Log.m in Sources */,
				852772ED1C106725005105B4 /* WelcomeViewController.m in Sources */,
				8504A8831C1FB9B400EB181A /* LLPathDetailViewController.m in Sources */,
				853657961C11AB7900CE06A0 /* AFURLSessionManager.m in Sources */,
				853657951C11AB7900CE06A0 /* AFURLResponseSerialization.m in Sources */,
				85DC8D8D1C22A97300459BE7 /* README.mdown in Sources */,
				8554D7051C14192D0075B810 /* MJPropertyType.m in Sources */,
				853657941C11AB7900CE06A0 /* AFURLRequestSerialization.m in Sources */,
				852C83BA1C15B767003715A4 /* LLCityDescTableViewController.m in Sources */,
				8554D7021C14192D0075B810 /* MJFoundation.m in Sources */,
				8504A87B1C1FB65000EB181A /* MASViewAttribute.m in Sources */,
				851855881C17D86E00A92D2A /* PellTableViewSelect.m in Sources */,
				8536579D1C11AB7900CE06A0 /* UIRefreshControl+AFNetworking.m in Sources */,
				8536579B1C11AB7900CE06A0 /* UIImageView+AFNetworking.m in Sources */,
				8554D7091C14192D0075B810 /* NSObject+MJProperty.m in Sources */,
				8554D7041C14192D0075B810 /* MJPropertyKey.m in Sources */,
				8504A87A1C1FB65000EB181A /* MASLayoutConstraint.m in Sources */,
				853657911C11AB7900CE06A0 /* AFNetworkReachabilityManager.m in Sources */,
				8536578E1C11AB7900CE06A0 /* AFHTTPRequestOperation.m in Sources */,
				853657901C11AB7900CE06A0 /* AFHTTPSessionManager.m in Sources */,
				852E0FDB1C296B230044B6DE /* NJKWebViewProgressView.m in Sources */,
			);
			runOnlyForDeploymentPostprocessing = 0;
		};
/* End PBXSourcesBuildPhase section */

/* Begin PBXVariantGroup section */
		852772B31C106476005105B4 /* LaunchScreen.storyboard */ = {
			isa = PBXVariantGroup;
			children = (
				852772B41C106476005105B4 /* Base */,
			);
			name = LaunchScreen.storyboard;
			sourceTree = "<group>";
		};
/* End PBXVariantGroup section */

/* Begin XCBuildConfiguration section */
		852772B71C106476005105B4 /* Debug */ = {
			isa = XCBuildConfiguration;
			buildSettings = {
				ALWAYS_SEARCH_USER_PATHS = NO;
				CLANG_CXX_LANGUAGE_STANDARD = "gnu++0x";
				CLANG_CXX_LIBRARY = "libc++";
				CLANG_ENABLE_MODULES = YES;
				CLANG_ENABLE_OBJC_ARC = YES;
				CLANG_WARN_BOOL_CONVERSION = YES;
				CLANG_WARN_CONSTANT_CONVERSION = YES;
				CLANG_WARN_DIRECT_OBJC_ISA_USAGE = YES_ERROR;
				CLANG_WARN_EMPTY_BODY = YES;
				CLANG_WARN_ENUM_CONVERSION = YES;
				CLANG_WARN_INT_CONVERSION = YES;
				CLANG_WARN_OBJC_ROOT_CLASS = YES_ERROR;
				CLANG_WARN_UNREACHABLE_CODE = YES;
				CLANG_WARN__DUPLICATE_METHOD_MATCH = YES;
				"CODE_SIGN_IDENTITY[sdk=iphoneos*]" = "iPhone Developer";
				COPY_PHASE_STRIP = NO;
				DEBUG_INFORMATION_FORMAT = dwarf;
				ENABLE_STRICT_OBJC_MSGSEND = YES;
				ENABLE_TESTABILITY = YES;
				GCC_C_LANGUAGE_STANDARD = gnu99;
				GCC_DYNAMIC_NO_PIC = NO;
				GCC_NO_COMMON_BLOCKS = YES;
				GCC_OPTIMIZATION_LEVEL = 0;
				GCC_PREPROCESSOR_DEFINITIONS = (
					"DEBUG=1",
					"$(inherited)",
				);
				GCC_WARN_64_TO_32_BIT_CONVERSION = YES;
				GCC_WARN_ABOUT_RETURN_TYPE = YES_ERROR;
				GCC_WARN_UNDECLARED_SELECTOR = YES;
				GCC_WARN_UNINITIALIZED_AUTOS = YES_AGGRESSIVE;
				GCC_WARN_UNUSED_FUNCTION = YES;
				GCC_WARN_UNUSED_VARIABLE = YES;
				IPHONEOS_DEPLOYMENT_TARGET = 9.1;
				MTL_ENABLE_DEBUG_INFO = YES;
				ONLY_ACTIVE_ARCH = YES;
				SDKROOT = iphoneos;
			};
			name = Debug;
		};
		852772B81C106476005105B4 /* Release */ = {
			isa = XCBuildConfiguration;
			buildSettings = {
				ALWAYS_SEARCH_USER_PATHS = NO;
				CLANG_CXX_LANGUAGE_STANDARD = "gnu++0x";
				CLANG_CXX_LIBRARY = "libc++";
				CLANG_ENABLE_MODULES = YES;
				CLANG_ENABLE_OBJC_ARC = YES;
				CLANG_WARN_BOOL_CONVERSION = YES;
				CLANG_WARN_CONSTANT_CONVERSION = YES;
				CLANG_WARN_DIRECT_OBJC_ISA_USAGE = YES_ERROR;
				CLANG_WARN_EMPTY_BODY = YES;
				CLANG_WARN_ENUM_CONVERSION = YES;
				CLANG_WARN_INT_CONVERSION = YES;
				CLANG_WARN_OBJC_ROOT_CLASS = YES_ERROR;
				CLANG_WARN_UNREACHABLE_CODE = YES;
				CLANG_WARN__DUPLICATE_METHOD_MATCH = YES;
				"CODE_SIGN_IDENTITY[sdk=iphoneos*]" = "iPhone Developer";
				COPY_PHASE_STRIP = NO;
				DEBUG_INFORMATION_FORMAT = "dwarf-with-dsym";
				ENABLE_NS_ASSERTIONS = NO;
				ENABLE_STRICT_OBJC_MSGSEND = YES;
				GCC_C_LANGUAGE_STANDARD = gnu99;
				GCC_NO_COMMON_BLOCKS = YES;
				GCC_WARN_64_TO_32_BIT_CONVERSION = YES;
				GCC_WARN_ABOUT_RETURN_TYPE = YES_ERROR;
				GCC_WARN_UNDECLARED_SELECTOR = YES;
				GCC_WARN_UNINITIALIZED_AUTOS = YES_AGGRESSIVE;
				GCC_WARN_UNUSED_FUNCTION = YES;
				GCC_WARN_UNUSED_VARIABLE = YES;
				IPHONEOS_DEPLOYMENT_TARGET = 9.1;
				MTL_ENABLE_DEBUG_INFO = NO;
				SDKROOT = iphoneos;
				VALIDATE_PRODUCT = YES;
			};
			name = Release;
		};
		852772BA1C106476005105B4 /* Debug */ = {
			isa = XCBuildConfiguration;
			buildSettings = {
				ASSETCATALOG_COMPILER_APPICON_NAME = AppIcon;
				ASSETCATALOG_COMPILER_LAUNCHIMAGE_NAME = "Brand Assets";
				GCC_PRECOMPILE_PREFIX_HEADER = YES;
				GCC_PREFIX_HEADER = "$(SRCROOT)/酷游/Class/Resourse/PrefixHeader.pch";
				INFOPLIST_FILE = "酷游/Info.plist";
				IPHONEOS_DEPLOYMENT_TARGET = 9.0;
				LD_RUNPATH_SEARCH_PATHS = "$(inherited) @executable_path/Frameworks";
				LIBRARY_SEARCH_PATHS = (
					"$(inherited)",
					"$(PROJECT_DIR)/酷游/Class/Lib/BMP",
				);
				PRODUCT_BUNDLE_IDENTIFIER = "cn.com.tarena.--";
				PRODUCT_NAME = "$(TARGET_NAME)";
			};
			name = Debug;
		};
		852772BB1C106476005105B4 /* Release */ = {
			isa = XCBuildConfiguration;
			buildSettings = {
				ASSETCATALOG_COMPILER_APPICON_NAME = AppIcon;
				ASSETCATALOG_COMPILER_LAUNCHIMAGE_NAME = "Brand Assets";
				GCC_PRECOMPILE_PREFIX_HEADER = YES;
				GCC_PREFIX_HEADER = "$(SRCROOT)/酷游/Class/Resourse/PrefixHeader.pch";
				INFOPLIST_FILE = "酷游/Info.plist";
				IPHONEOS_DEPLOYMENT_TARGET = 9.0;
				LD_RUNPATH_SEARCH_PATHS = "$(inherited) @executable_path/Frameworks";
				LIBRARY_SEARCH_PATHS = (
					"$(inherited)",
					"$(PROJECT_DIR)/酷游/Class/Lib/BMP",
				);
				PRODUCT_BUNDLE_IDENTIFIER = "cn.com.tarena.--";
				PRODUCT_NAME = "$(TARGET_NAME)";
			};
			name = Release;
		};
/* End XCBuildConfiguration section */

/* Begin XCConfigurationList section */
		8527729D1C106476005105B4 /* Build configuration list for PBXProject "酷游" */ = {
			isa = XCConfigurationList;
			buildConfigurations = (
				852772B71C106476005105B4 /* Debug */,
				852772B81C106476005105B4 /* Release */,
			);
			defaultConfigurationIsVisible = 0;
			defaultConfigurationName = Release;
		};
		852772B91C106476005105B4 /* Build configuration list for PBXNativeTarget "酷游" */ = {
			isa = XCConfigurationList;
			buildConfigurations = (
				852772BA1C106476005105B4 /* Debug */,
				852772BB1C106476005105B4 /* Release */,
			);
			defaultConfigurationIsVisible = 0;
			defaultConfigurationName = Release;
		};
/* End XCConfigurationList section */
	};
	rootObject = 8527729A1C106476005105B4 /* Project object */;
}
